
Microsoft Visual Studio Solution File, Format Version 12.00
# Visual Studio 2013
VisualStudioVersion = 12.0.31101.0
MinimumVisualStudioVersion = 10.0.40219.1
Project("{6141683F-8A12-4E36-9623-2EB02B2C2303}") = "Setup", "Setup\Setup.isproj", "{1D24554C-72C5-46DB-A5A0-D3C47430BE46}"
EndProject
Global
	GlobalSection(SolutionConfigurationPlatforms) = preSolution
		CD_ROM|x86 = CD_ROM|x86
		DVD-5|x86 = DVD-5|x86
		SingleImage|x86 = SingleImage|x86
	EndGlobalSection
	GlobalSection(ProjectConfigurationPlatforms) = postSolution
		{1D24554C-72C5-46DB-A5A0-D3C47430BE46}.CD_ROM|x86.ActiveCfg = CD_ROM
		{1D24554C-72C5-46DB-A5A0-D3C47430BE46}.CD_ROM|x86.Build.0 = CD_ROM
		{1D24554C-72C5-46DB-A5A0-D3C47430BE46}.DVD-5|x86.ActiveCfg = DVD-5
		{1D24554C-72C5-46DB-A5A0-D3C47430BE46}.DVD-5|x86.Build.0 = DVD-5
		{1D24554C-72C5-46DB-A5A0-D3C47430BE46}.SingleImage|x86.ActiveCfg = SingleImage
		{1D24554C-72C5-46DB-A5A0-D3C47430BE46}.SingleImage|x86.Build.0 = SingleImage
	EndGlobalSection
	GlobalSection(SolutionProperties) = preSolution
		HideSolutionNode = FALSE
	EndGlobalSection
EndGlobal
